{
  "object": {
    "pins": [
      {
        "package": "SwiftProtobuf",
        "repositoryURL": "https://github.com/apple/swift-protobuf.git",
        "state": {
          "branch": null,
          "revision": "c5ab62237f21cad094812719a1bbe29443407c5f",
          "version": "1.34.1"
        }
      }
    ]
  },
  "version": 1
}
